// !$*UTF8*$!
{
	archiveVersion = 1;
	classes = {
	};
	objectVersion = 55;
	objects = {

/* Begin PBXBuildFile section */
		6D5F5A0B2842CC9B00526BC1 /* jApp.swift in Sources */ = {isa = PBXBuildFile; fileRef = 6D5F5A0A2842CC9B00526BC1 /* jApp.swift */; };
		6D5F5A0D2842CC9B00526BC1 /* ContentView.swift in Sources */ = {isa = PBXBuildFile; fileRef = 6D5F5A0C2842CC9B00526BC1 /* ContentView.swift */; };
		6D5F5A0F2842CC9F00526BC1 /* Assets.xcassets in Resources */ = {isa = PBXBuildFile; fileRef = 6D5F5A0E2842CC9F00526BC1 /* Assets.xcassets */; };
		6D5F5A122842CC9F00526BC1 /* Preview Assets.xcassets in Resources */ = {isa = PBXBuildFile; fileRef = 6D5F5A112842CC9F00526BC1 /* Preview Assets.xcassets */; };
		6D5F5A1C2842CCA000526BC1 /* jTests.swift in Sources */ = {isa = PBXBuildFile; fileRef = 6D5F5A1B2842CCA000526BC1 /* jTests.swift */; };
		6D5F5A262842CCA000526BC1 /* jUITests.swift in Sources */ = {isa = PBXBuildFile; fileRef = 6D5F5A252842CCA000526BC1 /* jUITests.swift */; };
		6D5F5A282842CCA000526BC1 /* jUITestsLaunchTests.swift in Sources */ = {isa = PBXBuildFile; fileRef = 6D5F5A272842CCA000526BC1 /* jUITestsLaunchTests.swift */; };
/* End PBXBuildFile section */

/* Begin PBXContainerItemProxy section */
		6D5F5A182842CCA000526BC1 /* PBXContainerItemProxy */ = {
			isa = PBXContainerItemProxy;
			containerPortal = 6D5F59FF2842CC9B00526BC1 /* Project object */;
			proxyType = 1;
			remoteGlobalIDString = 6D5F5A062842CC9B00526BC1;
			remoteInfo = j;
		};
		6D5F5A222842CCA000526BC1 /* PBXContainerItemProxy */ = {
			isa = PBXContainerItemProxy;
			containerPortal = 6D5F59FF2842CC9B00526BC1 /* Project object */;
			proxyType = 1;
			remoteGlobalIDString = 6D5F5A062842CC9B00526BC1;
			remoteInfo = j;
		};
/* End PBXContainerItemProxy section */

/* Begin PBXFileReference section */
		6D5F5A072842CC9B00526BC1 /* j.app */ = {isa = PBXFileReference; explicitFileType = wrapper.application; includeInIndex = 0; path = j.app; sourceTree = BUILT_PRODUCTS_DIR; };
		6D5F5A0A2842CC9B00526BC1 /* jApp.swift */ = {isa = PBXFileReference; lastKnownFileType = sourcecode.swift; path = jApp.swift; sourceTree = "<group>"; };
		6D5F5A0C2842CC9B00526BC1 /* ContentView.swift */ = {isa = PBXFileReference; lastKnownFileType = sourcecode.swift; path = ContentView.swift; sourceTree = "<group>"; };
		6D5F5A0E2842CC9F00526BC1 /* Assets.xcassets */ = {isa = PBXFileReference; lastKnownFileType = folder.assetcatalog; path = Assets.xcassets; sourceTree = "<group>"; };
		6D5F5A112842CC9F00526BC1 /* Preview Assets.xcassets */ = {isa = PBXFileReference; lastKnownFileType = folder.assetcatalog; path = "Preview Assets.xcassets"; sourceTree = "<group>"; };
		6D5F5A172842CCA000526BC1 /* jTests.xctest */ = {isa = PBXFileReference; explicitFileType = wrapper.cfbundle; includeInIndex = 0; path = jTests.xctest; sourceTree = BUILT_PRODUCTS_DIR; };
		6D5F5A1B2842CCA000526BC1 /* jTests.swift */ = {isa = PBXFileReference; lastKnownFileType = sourcecode.swift; path = jTests.swift; sourceTree = "<group>"; };
		6D5F5A212842CCA000526BC1 /* jUITests.xctest */ = {isa = PBXFileReference; explicitFileType = wrapper.cfbundle; includeInIndex = 0; path = jUITests.xctest; sourceTree = BUILT_PRODUCTS_DIR; };
		6D5F5A252842CCA000526BC1 /* jUITests.swift */ = {isa = PBXFileReference; lastKnownFileType = sourcecode.swift; path = jUITests.swift; sourceTree = "<group>"; };
		6D5F5A272842CCA000526BC1 /* jUITestsLaunchTests.swift */ = {isa = PBXFileReference; lastKnownFileType = sourcecode.swift; path = jUITestsLaunchTests.swift; sourceTree = "<group>"; };
/* End PBXFileReference section */

/* Begin PBXFrameworksBuildPhase section */
		6D5F5A042842CC9B00526BC1 /* Frameworks */ = {
			isa = PBXFrameworksBuildPhase;
			buildActionMask = 2147483647;
			files = (
			);
			runOnlyForDeploymentPostprocessing = 0;
		};
		6D5F5A142842CCA000526BC1 /* Frameworks */ = {
			isa = PBXFrameworksBuildPhase;
			buildActionMask = 2147483647;
			files = (
			);
			runOnlyForDeploymentPostprocessing = 0;
		};
		6D5F5A1E2842CCA000526BC1 /* Frameworks */ = {
			isa = PBXFrameworksBuildPhase;
			buildActionMask = 2147483647;
			files = (
			);
			runOnlyForDeploymentPostprocessing = 0;
		};
/* End PBXFrameworksBuildPhase section */

/* Begin PBXGroup section */
		6D5F59FE2842CC9B00526BC1 = {
			isa = PBXGroup;
			children = (
				6D5F5A092842CC9B00526BC1 /* j */,
				6D5F5A1A2842CCA000526BC1 /* jTests */,
				6D5F5A242842CCA000526BC1 /* jUITests */,
				6D5F5A082842CC9B00526BC1 /* Products */,
			);
			sourceTree = "<group>";
		};
		6D5F5A082842CC9B00526BC1 /* Products */ = {
			isa = PBXGroup;
			children = (
				6D5F5A072842CC9B00526BC1 /* j.app */,
				6D5F5A172842CCA000526BC1 /* jTests.xctest */,
				6D5F5A212842CCA000526BC1 /* jUITests.xctest */,
			);
			name = Products;
			sourceTree = "<group>";
		};
		6D5F5A092842CC9B00526BC1 /* j */ = {
			isa = PBXGroup;
			children = (
				6D5F5A0A2842CC9B00526BC1 /* jApp.swift */,
				6D5F5A0C2842CC9B00526BC1 /* ContentView.swift */,
				6D5F5A0E2842CC9F00526BC1 /* Assets.xcassets */,
				6D5F5A102842CC9F00526BC1 /* Preview Content */,
			);
			path = j;
			sourceTree = "<group>";
		};
		6D5F5A102842CC9F00526BC1 /* Preview Content */ = {
			isa = PBXGroup;
			children = (
				6D5F5A112842CC9F00526BC1 /* Preview Assets.xcassets */,
			);
			path = "Preview Content";
			sourceTree = "<group>";
		};
		6D5F5A1A2842CCA000526BC1 /* jTests */ = {
			isa = PBXGroup;
			children = (
				6D5F5A1B2842CCA000526BC1 /* jTests.swift */,
			);
			path = jTests;
			sourceTree = "<group>";
		};
		6D5F5A242842CCA000526BC1 /* jUITests */ = {
			isa = PBXGroup;
			children = (
				6D5F5A252842CCA000526BC1 /* jUITests.swift */,
				6D5F5A272842CCA000526BC1 /* jUITestsLaunchTests.swift */,
			);
			path = jUITests;
			sourceTree = "<group>";
		};
/* End PBXGroup section */

/* Begin PBXNativeTarget section */
		6D5F5A062842CC9B00526BC1 /* j */ = {
			isa = PBXNativeTarget;
			buildConfigurationList = 6D5F5A2B2842CCA000526BC1 /* Build configuration list for PBXNativeTarget "j" */;
			buildPhases = (
				6D5F5A032842CC9B00526BC1 /* Sources */,
				6D5F5A042842CC9B00526BC1 /* Frameworks */,
				6D5F5A052842CC9B00526BC1 /* Resources */,
			);
			buildRules = (
			);
			dependencies = (
			);
			name = j;
			productName = j;
			productReference = 6D5F5A072842CC9B00526BC1 /* j.app */;
			productType = "com.apple.product-type.application";
		};
		6D5F5A162842CCA000526BC1 /* jTests */ = {
			isa = PBXNativeTarget;
			buildConfigurationList = 6D5F5A2E2842CCA000526BC1 /* Build configuration list for PBXNativeTarget "jTests" */;
			buildPhases = (
				6D5F5A132842CCA000526BC1 /* Sources */,
				6D5F5A142842CCA000526BC1 /* Frameworks */,
				6D5F5A152842CCA000526BC1 /* Resources */,
			);
			buildRules = (
			);
			dependencies = (
				6D5F5A192842CCA000526BC1 /* PBXTargetDependency */,
			);
			name = jTests;
			productName = jTests;
			productReference = 6D5F5A172842CCA000526BC1 /* jTests.xctest */;
			productType = "com.apple.product-type.bundle.unit-test";
		};
		6D5F5A202842CCA000526BC1 /* jUITests */ = {
			isa = PBXNativeTarget;
			buildConfigurationList = 6D5F5A312842CCA000526BC1 /* Build configuration list for PBXNativeTarget "jUITests" */;
			buildPhases = (
				6D5F5A1D2842CCA000526BC1 /* Sources */,
				6D5F5A1E2842CCA000526BC1 /* Frameworks */,
				6D5F5A1F2842CCA000526BC1 /* Resources */,
			);
			buildRules = (
			);
			dependencies = (
				6D5F5A232842CCA000526BC1 /* PBXTargetDependency */,
			);
			name = jUITests;
			productName = jUITests;
			productReference = 6D5F5A212842CCA000526BC1 /* jUITests.xctest */;
			productType = "com.apple.product-type.bundle.ui-testing";
		};
/* End PBXNativeTarget section */

/* Begin PBXProject section */
		6D5F59FF2842CC9B00526BC1 /* Project object */ = {
			isa = PBXProject;
			attributes = {
				BuildIndependentTargetsInParallel = 1;
				LastSwiftUpdateCheck = 1340;
				LastUpgradeCheck = 1340;
				TargetAttributes = {
					6D5F5A062842CC9B00526BC1 = {
						CreatedOnToolsVersion = 13.4;
					};
					6D5F5A162842CCA000526BC1 = {
						CreatedOnToolsVersion = 13.4;
						TestTargetID = 6D5F5A062842CC9B00526BC1;
					};
					6D5F5A202842CCA000526BC1 = {
						CreatedOnToolsVersion = 13.4;
						TestTargetID = 6D5F5A062842CC9B00526BC1;
					};
				};
			};
			buildConfigurationList = 6D5F5A022842CC9B00526BC1 /* Build configuration list for PBXProject "j" */;
			compatibilityVersion = "Xcode 13.0";
			developmentRegion = en;
			hasScannedForEncodings = 0;
			knownRegions = (
				en,
				Base,
			);
			mainGroup = 6D5F59FE2842CC9B00526BC1;
			productRefGroup = 6D5F5A082842CC9B00526BC1 /* Products */;
			projectDirPath = "";
			projectRoot = "";
			targets = (
				6D5F5A062842CC9B00526BC1 /* j */,
				6D5F5A162842CCA000526BC1 /* jTests */,
				6D5F5A202842CCA000526BC1 /* jUITests */,
			);
		};
/* End PBXProject section */

/* Begin PBXResourcesBuildPhase section */
		6D5F5A052842CC9B00526BC1 /* Resources */ = {
			isa = PBXResourcesBuildPhase;
			buildActionMask = 2147483647;
			files = (
				6D5F5A122842CC9F00526BC1 /* Preview Assets.xcassets in Resources */,
				6D5F5A0F2842CC9F00526BC1 /* Assets.xcassets in Resources */,
			);
			runOnlyForDeploymentPostprocessing = 0;
		};
		6D5F5A152842CCA000526BC1 /* Resources */ = {
			isa = PBXResourcesBuildPhase;
			buildActionMask = 2147483647;
			files = (
			);
			runOnlyForDeploymentPostprocessing = 0;
		};
		6D5F5A1F2842CCA000526BC1 /* Resources */ = {
			isa = PBXResourcesBuildPhase;
			buildActionMask = 2147483647;
			files = (
			);
			runOnlyForDeploymentPostprocessing = 0;
		};
/* End PBXResourcesBuildPhase section */

/* Begin PBXSourcesBuildPhase section */
		6D5F5A032842CC9B00526BC1 /* Sources */ = {
			isa = PBXSourcesBuildPhase;
			buildActionMask = 2147483647;
			files = (
				6D5F5A0D2842CC9B00526BC1 /* ContentView.swift in Sources */,
				6D5F5A0B2842CC9B00526BC1 /* jApp.swift in Sources */,
			);
			runOnlyForDeploymentPostprocessing = 0;
		};
		6D5F5A132842CCA000526BC1 /* Sources */ = {
			isa = PBXSourcesBuildPhase;
			buildActionMask = 2147483647;
			files = (
				6D5F5A1C2842CCA000526BC1 /* jTests.swift in Sources */,
			);
			runOnlyForDeploymentPostprocessing = 0;
		};
		6D5F5A1D2842CCA000526BC1 /* Sources */ = {
			isa = PBXSourcesBuildPhase;
			buildActionMask = 2147483647;
			files = (
				6D5F5A262842CCA000526BC1 /* jUITests.swift in Sources */,
				6D5F5A282842CCA000526BC1 /* jUITestsLaunchTests.swift in Sources */,
			);
			runOnlyForDeploymentPostprocessing = 0;
		};
/* End PBXSourcesBuildPhase section */

/* Begin PBXTargetDependency section */
		6D5F5A192842CCA000526BC1 /* PBXTargetDependency */ = {
			isa = PBXTargetDependency;
			target = 6D5F5A062842CC9B00526BC1 /* j */;
			targetProxy = 6D5F5A182842CCA000526BC1 /* PBXContainerItemProxy */;
		};
		6D5F5A232842CCA000526BC1 /* PBXTargetDependency */ = {
			isa = PBXTargetDependency;
			target = 6D5F5A062842CC9B00526BC1 /* j */;
			targetProxy = 6D5F5A222842CCA000526BC1 /* PBXContainerItemProxy */;
		};
/* End PBXTargetDependency section */

/* Begin XCBuildConfiguration section */
		6D5F5A292842CCA000526BC1 /* Debug */ = {
			isa = XCBuildConfiguration;
			buildSettings = {
				ALWAYS_SEARCH_USER_PATHS = NO;
				CLANG_ANALYZER_NONNULL = YES;
				CLANG_ANALYZER_NUMBER_OBJECT_CONVERSION = YES_AGGRESSIVE;
				CLANG_CXX_LANGUAGE_STANDARD = "gnu++17";
				CLANG_ENABLE_MODULES = YES;
				CLANG_ENABLE_OBJC_ARC = YES;
				CLANG_ENABLE_OBJC_WEAK = YES;
				CLANG_WARN_BLOCK_CAPTURE_AUTORELEASING = YES;
				CLANG_WARN_BOOL_CONVERSION = YES;
				CLANG_WARN_COMMA = YES;
				CLANG_WARN_CONSTANT_CONVERSION = YES;
				CLANG_WARN_DEPRECATED_OBJC_IMPLEMENTATIONS = YES;
				CLANG_WARN_DIRECT_OBJC_ISA_USAGE = YES_ERROR;
				CLANG_WARN_DOCUMENTATION_COMMENTS = YES;
				CLANG_WARN_EMPTY_BODY = YES;
				CLANG_WARN_ENUM_CONVERSION = YES;
				CLANG_WARN_INFINITE_RECURSION = YES;
				CLANG_WARN_INT_CONVERSION = YES;
				CLANG_WARN_NON_LITERAL_NULL_CONVERSION = YES;
				CLANG_WARN_OBJC_IMPLICIT_RETAIN_SELF = YES;
				CLANG_WARN_OBJC_LITERAL_CONVERSION = YES;
				CLANG_WARN_OBJC_ROOT_CLASS = YES_ERROR;
				CLANG_WARN_QUOTED_INCLUDE_IN_FRAMEWORK_HEADER = YES;
				CLANG_WARN_RANGE_LOOP_ANALYSIS = YES;
				CLANG_WARN_STRICT_PROTOTYPES = YES;
				CLANG_WARN_SUSPICIOUS_MOVE = YES;
				CLANG_WARN_UNGUARDED_AVAILABILITY = YES_AGGRESSIVE;
				CLANG_WARN_UNREACHABLE_CODE = YES;
				CLANG_WARN__DUPLICATE_METHOD_MATCH = YES;
				COPY_PHASE_STRIP = NO;
				DEBUG_INFORMATION_FORMAT = dwarf;
				ENABLE_STRICT_OBJC_MSGSEND = YES;
				ENABLE_TESTABILITY = YES;
				GCC_C_LANGUAGE_STANDARD = gnu11;
				GCC_DYNAMIC_NO_PIC = NO;
				GCC_NO_COMMON_BLOCKS = YES;
				GCC_OPTIMIZATION_LEVEL = 0;
				GCC_PREPROCESSOR_DEFINITIONS = (
					"DEBUG=1",
					"$(inherited)",
				);
				GCC_WARN_64_TO_32_BIT_CONVERSION = YES;
				GCC_WARN_ABOUT_RETURN_TYPE = YES_ERROR;
				GCC_WARN_UNDECLARED_SELECTOR = YES;
				GCC_WARN_UNINITIALIZED_AUTOS = YES_AGGRESSIVE;
				GCC_WARN_UNUSED_FUNCTION = YES;
				GCC_WARN_UNUSED_VARIABLE = YES;
				IPHONEOS_DEPLOYMENT_TARGET = 15.5;
				MTL_ENABLE_DEBUG_INFO = INCLUDE_SOURCE;
				MTL_FAST_MATH = YES;
				ONLY_ACTIVE_ARCH = YES;
				SDKROOT = iphoneos;
				SWIFT_ACTIVE_COMPILATION_CONDITIONS = DEBUG;
				SWIFT_OPTIMIZATION_LEVEL = "-Onone";
			};
			name = Debug;
		};
		6D5F5A2A2842CCA000526BC1 /* Release */ = {
			isa = XCBuildConfiguration;
			buildSettings = {
				ALWAYS_SEARCH_USER_PATHS = NO;
				CLANG_ANALYZER_NONNULL = YES;
				CLANG_ANALYZER_NUMBER_OBJECT_CONVERSION = YES_AGGRESSIVE;
				CLANG_CXX_LANGUAGE_STANDARD = "gnu++17";
				CLANG_ENABLE_MODULES = YES;
				CLANG_ENABLE_OBJC_ARC = YES;
				CLANG_ENABLE_OBJC_WEAK = YES;
				CLANG_WARN_BLOCK_CAPTURE_AUTORELEASING = YES;
				CLANG_WARN_BOOL_CONVERSION = YES;
				CLANG_WARN_COMMA = YES;
				CLANG_WARN_CONSTANT_CONVERSION = YES;
				CLANG_WARN_DEPRECATED_OBJC_IMPLEMENTATIONS = YES;
				CLANG_WARN_DIRECT_OBJC_ISA_USAGE = YES_ERROR;
				CLANG_WARN_DOCUMENTATION_COMMENTS = YES;
				CLANG_WARN_EMPTY_BODY = YES;
				CLANG_WARN_ENUM_CONVERSION = YES;
				CLANG_WARN_INFINITE_RECURSION = YES;
				CLANG_WARN_INT_CONVERSION = YES;
				CLANG_WARN_NON_LITERAL_NULL_CONVERSION = YES;
				CLANG_WARN_OBJC_IMPLICIT_RETAIN_SELF = YES;
				CLANG_WARN_OBJC_LITERAL_CONVERSION = YES;
				CLANG_WARN_OBJC_ROOT_CLASS = YES_ERROR;
				CLANG_WARN_QUOTED_INCLUDE_IN_FRAMEWORK_HEADER = YES;
				CLANG_WARN_RANGE_LOOP_ANALYSIS = YES;
				CLANG_WARN_STRICT_PROTOTYPES = YES;
				CLANG_WARN_SUSPICIOUS_MOVE = YES;
				CLANG_WARN_UNGUARDED_AVAILABILITY = YES_AGGRESSIVE;
				CLANG_WARN_UNREACHABLE_CODE = YES;
				CLANG_WARN__DUPLICATE_METHOD_MATCH = YES;
				COPY_PHASE_STRIP = NO;
				DEBUG_INFORMATION_FORMAT = "dwarf-with-dsym";
				ENABLE_NS_ASSERTIONS = NO;
				ENABLE_STRICT_OBJC_MSGSEND = YES;
				GCC_C_LANGUAGE_STANDARD = gnu11;
				GCC_NO_COMMON_BLOCKS = YES;
				GCC_WARN_64_TO_32_BIT_CONVERSION = YES;
				GCC_WARN_ABOUT_RETURN_TYPE = YES_ERROR;
				GCC_WARN_UNDECLARED_SELECTOR = YES;
				GCC_WARN_UNINITIALIZED_AUTOS = YES_AGGRESSIVE;
				GCC_WARN_UNUSED_FUNCTION = YES;
				GCC_WARN_UNUSED_VARIABLE = YES;
				IPHONEOS_DEPLOYMENT_TARGET = 15.5;
				MTL_ENABLE_DEBUG_INFO = NO;
				MTL_FAST_MATH = YES;
				SDKROOT = iphoneos;
				SWIFT_COMPILATION_MODE = wholemodule;
				SWIFT_OPTIMIZATION_LEVEL = "-O";
				VALIDATE_PRODUCT = YES;
			};
			name = Release;
		};
		6D5F5A2C2842CCA000526BC1 /* Debug */ = {
			isa = XCBuildConfiguration;
			buildSettings = {
				ASSETCATALOG_COMPILER_APPICON_NAME = AppIcon;
				ASSETCATALOG_COMPILER_GLOBAL_ACCENT_COLOR_NAME = AccentColor;
				CODE_SIGN_STYLE = Automatic;
				CURRENT_PROJECT_VERSION = 1;
				DEVELOPMENT_ASSET_PATHS = "\"j/Preview Content\"";
				ENABLE_PREVIEWS = YES;
				GENERATE_INFOPLIST_FILE = YES;
				INFOPLIST_KEY_UIApplicationSceneManifest_Generation = YES;
				INFOPLIST_KEY_UIApplicationSupportsIndirectInputEvents = YES;
				INFOPLIST_KEY_UILaunchScreen_Generation = YES;
				INFOPLIST_KEY_UISupportedInterfaceOrientations_iPad = "UIInterfaceOrientationPortrait UIInterfaceOrientationPortraitUpsideDown UIInterfaceOrientationLandscapeLeft UIInterfaceOrientationLandscapeRight";
				INFOPLIST_KEY_UISupportedInterfaceOrientations_iPhone = "UIInterfaceOrientationPortrait UIInterfaceOrientationLandscapeLeft UIInterfaceOrientationLandscapeRight";
				LD_RUNPATH_SEARCH_PATHS = (
					"$(inherited)",
					"@executable_path/Frameworks",
				);
				MARKETING_VERSION = 1.0;
				PRODUCT_BUNDLE_IDENTIFIER = dh.j;
				PRODUCT_NAME = "$(TARGET_NAME)";
				SWIFT_EMIT_LOC_STRINGS = YES;
				SWIFT_VERSION = 5.0;
				TARGETED_DEVICE_FAMILY = "1,2";
			};
			name = Debug;
		};
		6D5F5A2D2842CCA000526BC1 /* Release */ = {
			isa = XCBuildConfiguration;
			buildSettings = {
				ASSETCATALOG_COMPILER_APPICON_NAME = AppIcon;
				ASSETCATALOG_COMPILER_GLOBAL_ACCENT_COLOR_NAME = AccentColor;
				CODE_SIGN_STYLE = Automatic;
				CURRENT_PROJECT_VERSION = 1;
				DEVELOPMENT_ASSET_PATHS = "\"j/Preview Content\"";
				ENABLE_PREVIEWS = YES;
				GENERATE_INFOPLIST_FILE = YES;
				INFOPLIST_KEY_UIApplicationSceneManifest_Generation = YES;
				INFOPLIST_KEY_UIApplicationSupportsIndirectInputEvents = YES;
				INFOPLIST_KEY_UILaunchScreen_Generation = YES;
				INFOPLIST_KEY_UISupportedInterfaceOrientations_iPad = "UIInterfaceOrientationPortrait UIInterfaceOrientationPortraitUpsideDown UIInterfaceOrientationLandscapeLeft UIInterfaceOrientationLandscapeRight";
				INFOPLIST_KEY_UISupportedInterfaceOrientations_iPhone = "UIInterfaceOrientationPortrait UIInterfaceOrientationLandscapeLeft UIInterfaceOrientationLandscapeRight";
				LD_RUNPATH_SEARCH_PATHS = (
					"$(inherited)",
					"@executable_path/Frameworks",
				);
				MARKETING_VERSION = 1.0;
				PRODUCT_BUNDLE_IDENTIFIER = dh.j;
				PRODUCT_NAME = "$(TARGET_NAME)";
				SWIFT_EMIT_LOC_STRINGS = YES;
				SWIFT_VERSION = 5.0;
				TARGETED_DEVICE_FAMILY = "1,2";
			};
			name = Release;
		};
		6D5F5A2F2842CCA000526BC1 /* Debug */ = {
			isa = XCBuildConfiguration;
			buildSettings = {
				ALWAYS_EMBED_SWIFT_STANDARD_LIBRARIES = YES;
				BUNDLE_LOADER = "$(TEST_HOST)";
				CODE_SIGN_STYLE = Automatic;
				CURRENT_PROJECT_VERSION = 1;
				GENERATE_INFOPLIST_FILE = YES;
				IPHONEOS_DEPLOYMENT_TARGET = 15.5;
				MARKETING_VERSION = 1.0;
				PRODUCT_BUNDLE_IDENTIFIER = dh.jTests;
				PRODUCT_NAME = "$(TARGET_NAME)";
				SWIFT_EMIT_LOC_STRINGS = NO;
				SWIFT_VERSION = 5.0;
				TARGETED_DEVICE_FAMILY = "1,2";
				TEST_HOST = "$(BUILT_PRODUCTS_DIR)/j.app/j";
			};
			name = Debug;
		};
		6D5F5A302842CCA000526BC1 /* Release */ = {
			isa = XCBuildConfiguration;
			buildSettings = {
				ALWAYS_EMBED_SWIFT_STANDARD_LIBRARIES = YES;
				BUNDLE_LOADER = "$(TEST_HOST)";
				CODE_SIGN_STYLE = Automatic;
				CURRENT_PROJECT_VERSION = 1;
				GENERATE_INFOPLIST_FILE = YES;
				IPHONEOS_DEPLOYMENT_TARGET = 15.5;
				MARKETING_VERSION = 1.0;
				PRODUCT_BUNDLE_IDENTIFIER = dh.jTests;
				PRODUCT_NAME = "$(TARGET_NAME)";
				SWIFT_EMIT_LOC_STRINGS = NO;
				SWIFT_VERSION = 5.0;
				TARGETED_DEVICE_FAMILY = "1,2";
				TEST_HOST = "$(BUILT_PRODUCTS_DIR)/j.app/j";
			};
			name = Release;
		};
		6D5F5A322842CCA000526BC1 /* Debug */ = {
			isa = XCBuildConfiguration;
			buildSettings = {
				ALWAYS_EMBED_SWIFT_STANDARD_LIBRARIES = YES;
				CODE_SIGN_STYLE = Automatic;
				CURRENT_PROJECT_VERSION = 1;
				GENERATE_INFOPLIST_FILE = YES;
				MARKETING_VERSION = 1.0;
				PRODUCT_BUNDLE_IDENTIFIER = dh.jUITests;
				PRODUCT_NAME = "$(TARGET_NAME)";
				SWIFT_EMIT_LOC_STRINGS = NO;
				SWIFT_VERSION = 5.0;
				TARGETED_DEVICE_FAMILY = "1,2";
				TEST_TARGET_NAME = j;
			};
			name = Debug;
		};
		6D5F5A332842CCA000526BC1 /* Release */ = {
			isa = XCBuildConfiguration;
			buildSettings = {
				ALWAYS_EMBED_SWIFT_STANDARD_LIBRARIES = YES;
				CODE_SIGN_STYLE = Automatic;
				CURRENT_PROJECT_VERSION = 1;
				GENERATE_INFOPLIST_FILE = YES;
				MARKETING_VERSION = 1.0;
				PRODUCT_BUNDLE_IDENTIFIER = dh.jUITests;
				PRODUCT_NAME = "$(TARGET_NAME)";
				SWIFT_EMIT_LOC_STRINGS = NO;
				SWIFT_VERSION = 5.0;
				TARGETED_DEVICE_FAMILY = "1,2";
				TEST_TARGET_NAME = j;
			};
			name = Release;
		};
/* End XCBuildConfiguration section */

/* Begin XCConfigurationList section */
		6D5F5A022842CC9B00526BC1 /* Build configuration list for PBXProject "j" */ = {
			isa = XCConfigurationList;
			buildConfigurations = (
				6D5F5A292842CCA000526BC1 /* Debug */,
				6D5F5A2A2842CCA000526BC1 /* Release */,
			);
			defaultConfigurationIsVisible = 0;
			defaultConfigurationName = Release;
		};
		6D5F5A2B2842CCA000526BC1 /* Build configuration list for PBXNativeTarget "j" */ = {
			isa = XCConfigurationList;
			buildConfigurations = (
				6D5F5A2C2842CCA000526BC1 /* Debug */,
				6D5F5A2D2842CCA000526BC1 /* Release */,
			);
			defaultConfigurationIsVisible = 0;
			defaultConfigurationName = Release;
		};
		6D5F5A2E2842CCA000526BC1 /* Build configuration list for PBXNativeTarget "jTests" */ = {
			isa = XCConfigurationList;
			buildConfigurations = (
				6D5F5A2F2842CCA000526BC1 /* Debug */,
				6D5F5A302842CCA000526BC1 /* Release */,
			);
			defaultConfigurationIsVisible = 0;
			defaultConfigurationName = Release;
		};
		6D5F5A312842CCA000526BC1 /* Build configuration list for PBXNativeTarget "jUITests" */ = {
			isa = XCConfigurationList;
			buildConfigurations = (
				6D5F5A322842CCA000526BC1 /* Debug */,
				6D5F5A332842CCA000526BC1 /* Release */,
			);
			defaultConfigurationIsVisible = 0;
			defaultConfigurationName = Release;
		};
/* End XCConfigurationList section */
	};
	rootObject = 6D5F59FF2842CC9B00526BC1 /* Project object */;
}
